
Microsoft Visual Studio Solution File, Format Version 12.00
# Visual Studio Version 16
VisualStudioVersion = 16.0.30128.74
MinimumVisualStudioVersion = 10.0.40219.1
Project("{8BC9CEB8-8B4A-11D0-8D11-00A0C91BC942}") = "FakeEmail", "FakeEmail\FakeEmail.vcxproj", "{1B686475-18B0-4983-8552-90B00560F802}"
EndProject
Project("{8BC9CEB8-8B4A-11D0-8D11-00A0C91BC942}") = "Date", "Date\Date.vcxproj", "{699B983D-EDFD-46C5-9844-7C835634C5CB}"
EndProject
Project("{8BC9CEB8-8B4A-11D0-8D11-00A0C91BC942}") = "Dice", "Dice\Dice.vcxproj", "{3D532798-CCEE-470E-9CC3-1E04D9824E85}"
EndProject
Project("{8BC9CEB8-8B4A-11D0-8D11-00A0C91BC942}") = "FakeHcmAddress", "FakeAddress\FakeAddress.vcxproj", "{36DBD08F-AB79-489A-A96F-4C16C8F8ACCD}"
EndProject
Project("{8BC9CEB8-8B4A-11D0-8D11-00A0C91BC942}") = "FakeBirthday", "FakeBirthday\FakeBirthday.vcxproj", "{A856F1E1-8048-466E-B70D-D8C12ADD2529}"
EndProject
Project("{8BC9CEB8-8B4A-11D0-8D11-00A0C91BC942}") = "FakeName", "FakeName\FakeName.vcxproj", "{FE56CAA0-1438-4890-BD3B-A797F4B17EA9}"
EndProject
Project("{8BC9CEB8-8B4A-11D0-8D11-00A0C91BC942}") = "FakeVnTel", "FakeVnTel\FakeVnTel.vcxproj", "{493C3132-5AC8-4906-BFFC-75CB5CCB14FC}"
EndProject
Project("{8BC9CEB8-8B4A-11D0-8D11-00A0C91BC942}") = "Random", "Random\Random.vcxproj", "{3F6EBD40-6C7B-4080-9AFD-9B6B5B11452D}"
EndProject
Project("{8BC9CEB8-8B4A-11D0-8D11-00A0C91BC942}") = "Sequence", "Sequence\Sequence.vcxproj", "{94D660E6-8911-43C4-978D-EBE6ADCA1F4C}"
EndProject
Project("{8BC9CEB8-8B4A-11D0-8D11-00A0C91BC942}") = "Time", "Time\Time.vcxproj", "{0E9F6EBA-8FC0-4B77-8E99-E7BD4459F8E7}"
EndProject
Project("{8BC9CEB8-8B4A-11D0-8D11-00A0C91BC942}") = "Tokenizer", "Tokenizer\Tokenizer.vcxproj", "{68BB8435-B28B-4C77-AFB4-1BC039AD5412}"
EndProject
Global
	GlobalSection(SolutionConfigurationPlatforms) = preSolution
		Debug|x64 = Debug|x64
		Debug|x86 = Debug|x86
		Release|x64 = Release|x64
		Release|x86 = Release|x86
	EndGlobalSection
	GlobalSection(ProjectConfigurationPlatforms) = postSolution
		{1B686475-18B0-4983-8552-90B00560F802}.Debug|x64.ActiveCfg = Debug|x64
		{1B686475-18B0-4983-8552-90B00560F802}.Debug|x64.Build.0 = Debug|x64
		{1B686475-18B0-4983-8552-90B00560F802}.Debug|x86.ActiveCfg = Debug|Win32
		{1B686475-18B0-4983-8552-90B00560F802}.Debug|x86.Build.0 = Debug|Win32
		{1B686475-18B0-4983-8552-90B00560F802}.Release|x64.ActiveCfg = Release|x64
		{1B686475-18B0-4983-8552-90B00560F802}.Release|x64.Build.0 = Release|x64
		{1B686475-18B0-4983-8552-90B00560F802}.Release|x86.ActiveCfg = Release|Win32
		{1B686475-18B0-4983-8552-90B00560F802}.Release|x86.Build.0 = Release|Win32
		{699B983D-EDFD-46C5-9844-7C835634C5CB}.Debug|x64.ActiveCfg = Debug|x64
		{699B983D-EDFD-46C5-9844-7C835634C5CB}.Debug|x64.Build.0 = Debug|x64
		{699B983D-EDFD-46C5-9844-7C835634C5CB}.Debug|x86.ActiveCfg = Debug|Win32
		{699B983D-EDFD-46C5-9844-7C835634C5CB}.Debug|x86.Build.0 = Debug|Win32
		{699B983D-EDFD-46C5-9844-7C835634C5CB}.Release|x64.ActiveCfg = Release|x64
		{699B983D-EDFD-46C5-9844-7C835634C5CB}.Release|x64.Build.0 = Release|x64
		{699B983D-EDFD-46C5-9844-7C835634C5CB}.Release|x86.ActiveCfg = Release|Win32
		{699B983D-EDFD-46C5-9844-7C835634C5CB}.Release|x86.Build.0 = Release|Win32
		{3D532798-CCEE-470E-9CC3-1E04D9824E85}.Debug|x64.ActiveCfg = Debug|x64
		{3D532798-CCEE-470E-9CC3-1E04D9824E85}.Debug|x64.Build.0 = Debug|x64
		{3D532798-CCEE-470E-9CC3-1E04D9824E85}.Debug|x86.ActiveCfg = Debug|Win32
		{3D532798-CCEE-470E-9CC3-1E04D9824E85}.Debug|x86.Build.0 = Debug|Win32
		{3D532798-CCEE-470E-9CC3-1E04D9824E85}.Release|x64.ActiveCfg = Release|x64
		{3D532798-CCEE-470E-9CC3-1E04D9824E85}.Release|x64.Build.0 = Release|x64
		{3D532798-CCEE-470E-9CC3-1E04D9824E85}.Release|x86.ActiveCfg = Release|Win32
		{3D532798-CCEE-470E-9CC3-1E04D9824E85}.Release|x86.Build.0 = Release|Win32
		{36DBD08F-AB79-489A-A96F-4C16C8F8ACCD}.Debug|x64.ActiveCfg = Debug|x64
		{36DBD08F-AB79-489A-A96F-4C16C8F8ACCD}.Debug|x64.Build.0 = Debug|x64
		{36DBD08F-AB79-489A-A96F-4C16C8F8ACCD}.Debug|x86.ActiveCfg = Debug|Win32
		{36DBD08F-AB79-489A-A96F-4C16C8F8ACCD}.Debug|x86.Build.0 = Debug|Win32
		{36DBD08F-AB79-489A-A96F-4C16C8F8ACCD}.Release|x64.ActiveCfg = Release|x64
		{36DBD08F-AB79-489A-A96F-4C16C8F8ACCD}.Release|x64.Build.0 = Release|x64
		{36DBD08F-AB79-489A-A96F-4C16C8F8ACCD}.Release|x86.ActiveCfg = Release|Win32
		{36DBD08F-AB79-489A-A96F-4C16C8F8ACCD}.Release|x86.Build.0 = Release|Win32
		{A856F1E1-8048-466E-B70D-D8C12ADD2529}.Debug|x64.ActiveCfg = Debug|x64
		{A856F1E1-8048-466E-B70D-D8C12ADD2529}.Debug|x64.Build.0 = Debug|x64
		{A856F1E1-8048-466E-B70D-D8C12ADD2529}.Debug|x86.ActiveCfg = Debug|Win32
		{A856F1E1-8048-466E-B70D-D8C12ADD2529}.Debug|x86.Build.0 = Debug|Win32
		{A856F1E1-8048-466E-B70D-D8C12ADD2529}.Release|x64.ActiveCfg = Release|x64
		{A856F1E1-8048-466E-B70D-D8C12ADD2529}.Release|x64.Build.0 = Release|x64
		{A856F1E1-8048-466E-B70D-D8C12ADD2529}.Release|x86.ActiveCfg = Release|Win32
		{A856F1E1-8048-466E-B70D-D8C12ADD2529}.Release|x86.Build.0 = Release|Win32
		{FE56CAA0-1438-4890-BD3B-A797F4B17EA9}.Debug|x64.ActiveCfg = Debug|x64
		{FE56CAA0-1438-4890-BD3B-A797F4B17EA9}.Debug|x64.Build.0 = Debug|x64
		{FE56CAA0-1438-4890-BD3B-A797F4B17EA9}.Debug|x86.ActiveCfg = Debug|Win32
		{FE56CAA0-1438-4890-BD3B-A797F4B17EA9}.Debug|x86.Build.0 = Debug|Win32
		{FE56CAA0-1438-4890-BD3B-A797F4B17EA9}.Release|x64.ActiveCfg = Release|x64
		{FE56CAA0-1438-4890-BD3B-A797F4B17EA9}.Release|x64.Build.0 = Release|x64
		{FE56CAA0-1438-4890-BD3B-A797F4B17EA9}.Release|x86.ActiveCfg = Release|Win32
		{FE56CAA0-1438-4890-BD3B-A797F4B17EA9}.Release|x86.Build.0 = Release|Win32
		{493C3132-5AC8-4906-BFFC-75CB5CCB14FC}.Debug|x64.ActiveCfg = Debug|x64
		{493C3132-5AC8-4906-BFFC-75CB5CCB14FC}.Debug|x64.Build.0 = Debug|x64
		{493C3132-5AC8-4906-BFFC-75CB5CCB14FC}.Debug|x86.ActiveCfg = Debug|Win32
		{493C3132-5AC8-4906-BFFC-75CB5CCB14FC}.Debug|x86.Build.0 = Debug|Win32
		{493C3132-5AC8-4906-BFFC-75CB5CCB14FC}.Release|x64.ActiveCfg = Release|x64
		{493C3132-5AC8-4906-BFFC-75CB5CCB14FC}.Release|x64.Build.0 = Release|x64
		{493C3132-5AC8-4906-BFFC-75CB5CCB14FC}.Release|x86.ActiveCfg = Release|Win32
		{493C3132-5AC8-4906-BFFC-75CB5CCB14FC}.Release|x86.Build.0 = Release|Win32
		{3F6EBD40-6C7B-4080-9AFD-9B6B5B11452D}.Debug|x64.ActiveCfg = Debug|x64
		{3F6EBD40-6C7B-4080-9AFD-9B6B5B11452D}.Debug|x64.Build.0 = Debug|x64
		{3F6EBD40-6C7B-4080-9AFD-9B6B5B11452D}.Debug|x86.ActiveCfg = Debug|Win32
		{3F6EBD40-6C7B-4080-9AFD-9B6B5B11452D}.Debug|x86.Build.0 = Debug|Win32
		{3F6EBD40-6C7B-4080-9AFD-9B6B5B11452D}.Release|x64.ActiveCfg = Release|x64
		{3F6EBD40-6C7B-4080-9AFD-9B6B5B11452D}.Release|x64.Build.0 = Release|x64
		{3F6EBD40-6C7B-4080-9AFD-9B6B5B11452D}.Release|x86.ActiveCfg = Release|Win32
		{3F6EBD40-6C7B-4080-9AFD-9B6B5B11452D}.Release|x86.Build.0 = Release|Win32
		{94D660E6-8911-43C4-978D-EBE6ADCA1F4C}.Debug|x64.ActiveCfg = Debug|x64
		{94D660E6-8911-43C4-978D-EBE6ADCA1F4C}.Debug|x64.Build.0 = Debug|x64
		{94D660E6-8911-43C4-978D-EBE6ADCA1F4C}.Debug|x86.ActiveCfg = Debug|Win32
		{94D660E6-8911-43C4-978D-EBE6ADCA1F4C}.Debug|x86.Build.0 = Debug|Win32
		{94D660E6-8911-43C4-978D-EBE6ADCA1F4C}.Release|x64.ActiveCfg = Release|x64
		{94D660E6-8911-43C4-978D-EBE6ADCA1F4C}.Release|x64.Build.0 = Release|x64
		{94D660E6-8911-43C4-978D-EBE6ADCA1F4C}.Release|x86.ActiveCfg = Release|Win32
		{94D660E6-8911-43C4-978D-EBE6ADCA1F4C}.Release|x86.Build.0 = Release|Win32
		{0E9F6EBA-8FC0-4B77-8E99-E7BD4459F8E7}.Debug|x64.ActiveCfg = Debug|x64
		{0E9F6EBA-8FC0-4B77-8E99-E7BD4459F8E7}.Debug|x64.Build.0 = Debug|x64
		{0E9F6EBA-8FC0-4B77-8E99-E7BD4459F8E7}.Debug|x86.ActiveCfg = Debug|Win32
		{0E9F6EBA-8FC0-4B77-8E99-E7BD4459F8E7}.Debug|x86.Build.0 = Debug|Win32
		{0E9F6EBA-8FC0-4B77-8E99-E7BD4459F8E7}.Release|x64.ActiveCfg = Release|x64
		{0E9F6EBA-8FC0-4B77-8E99-E7BD4459F8E7}.Release|x64.Build.0 = Release|x64
		{0E9F6EBA-8FC0-4B77-8E99-E7BD4459F8E7}.Release|x86.ActiveCfg = Release|Win32
		{0E9F6EBA-8FC0-4B77-8E99-E7BD4459F8E7}.Release|x86.Build.0 = Release|Win32
		{68BB8435-B28B-4C77-AFB4-1BC039AD5412}.Debug|x64.ActiveCfg = Debug|x64
		{68BB8435-B28B-4C77-AFB4-1BC039AD5412}.Debug|x64.Build.0 = Debug|x64
		{68BB8435-B28B-4C77-AFB4-1BC039AD5412}.Debug|x86.ActiveCfg = Debug|Win32
		{68BB8435-B28B-4C77-AFB4-1BC039AD5412}.Debug|x86.Build.0 = Debug|Win32
		{68BB8435-B28B-4C77-AFB4-1BC039AD5412}.Release|x64.ActiveCfg = Release|x64
		{68BB8435-B28B-4C77-AFB4-1BC039AD5412}.Release|x64.Build.0 = Release|x64
		{68BB8435-B28B-4C77-AFB4-1BC039AD5412}.Release|x86.ActiveCfg = Release|Win32
		{68BB8435-B28B-4C77-AFB4-1BC039AD5412}.Release|x86.Build.0 = Release|Win32
	EndGlobalSection
	GlobalSection(SolutionProperties) = preSolution
		HideSolutionNode = FALSE
	EndGlobalSection
	GlobalSection(ExtensibilityGlobals) = postSolution
		SolutionGuid = {D004A28B-6446-4691-B6DA-9FDFAC78ADFA}
	EndGlobalSection
EndGlobal
